
Microsoft Visual Studio Solution File, Format Version 12.00
#
Project("{FAE04EC0-301F-11D3-BF4B-00C04F79EFBC}") = "to_webp", "to_webp\to_webp.csproj", "{3E6BD2A5-A406-4BDD-84BB-CB6D04A0F246}"
EndProject
Project("{FAE04EC0-301F-11D3-BF4B-00C04F79EFBC}") = "NivelAccesDate_DbFirst", "NivelAccesDate_DbFirst\NivelAccesDate_DbFirst.csproj", "{F28841FA-5767-4348-9906-0AF48E7574C0}"
EndProject
Project("{FAE04EC0-301F-11D3-BF4B-00C04F79EFBC}") = "MVC", "MVC\MVC.csproj", "{476EF5E8-514D-4676-BF5C-3F0EE81066C2}"
EndProject
Project("{FAE04EC0-301F-11D3-BF4B-00C04F79EFBC}") = "API", "API\API.csproj", "{A627E076-6D2E-4E7A-974F-E93C88CD6DC3}"
EndProject
Project("{FAE04EC0-301F-11D3-BF4B-00C04F79EFBC}") = "CodeFirst", "CodeFirst\CodeFirst.csproj", "{00D5C715-2FB9-4A53-8FDA-B7FFD3A9F62C}"
EndProject
Project("{FAE04EC0-301F-11D3-BF4B-00C04F79EFBC}") = "DAL", "DAL\DAL.csproj", "{C7D8D816-0D3A-4B94-884E-7ED180E232A5}"
EndProject
Project("{FAE04EC0-301F-11D3-BF4B-00C04F79EFBC}") = "SL", "SL\SL.csproj", "{C6116D63-CE49-40C8-BAB7-18D91483E273}"
EndProject
Global
	GlobalSection(SolutionConfigurationPlatforms) = preSolution
		Debug|Any CPU = Debug|Any CPU
		Release|Any CPU = Release|Any CPU
	EndGlobalSection
	GlobalSection(ProjectConfigurationPlatforms) = postSolution
		{3E6BD2A5-A406-4BDD-84BB-CB6D04A0F246}.Debug|Any CPU.ActiveCfg = Debug|Any CPU
		{3E6BD2A5-A406-4BDD-84BB-CB6D04A0F246}.Debug|Any CPU.Build.0 = Debug|Any CPU
		{3E6BD2A5-A406-4BDD-84BB-CB6D04A0F246}.Release|Any CPU.ActiveCfg = Release|Any CPU
		{3E6BD2A5-A406-4BDD-84BB-CB6D04A0F246}.Release|Any CPU.Build.0 = Release|Any CPU
		{F28841FA-5767-4348-9906-0AF48E7574C0}.Debug|Any CPU.ActiveCfg = Debug|Any CPU
		{F28841FA-5767-4348-9906-0AF48E7574C0}.Debug|Any CPU.Build.0 = Debug|Any CPU
		{F28841FA-5767-4348-9906-0AF48E7574C0}.Release|Any CPU.ActiveCfg = Release|Any CPU
		{F28841FA-5767-4348-9906-0AF48E7574C0}.Release|Any CPU.Build.0 = Release|Any CPU
		{476EF5E8-514D-4676-BF5C-3F0EE81066C2}.Debug|Any CPU.ActiveCfg = Debug|Any CPU
		{476EF5E8-514D-4676-BF5C-3F0EE81066C2}.Debug|Any CPU.Build.0 = Debug|Any CPU
		{476EF5E8-514D-4676-BF5C-3F0EE81066C2}.Release|Any CPU.ActiveCfg = Release|Any CPU
		{476EF5E8-514D-4676-BF5C-3F0EE81066C2}.Release|Any CPU.Build.0 = Release|Any CPU
		{A627E076-6D2E-4E7A-974F-E93C88CD6DC3}.Debug|Any CPU.ActiveCfg = Debug|Any CPU
		{A627E076-6D2E-4E7A-974F-E93C88CD6DC3}.Debug|Any CPU.Build.0 = Debug|Any CPU
		{A627E076-6D2E-4E7A-974F-E93C88CD6DC3}.Release|Any CPU.ActiveCfg = Release|Any CPU
		{A627E076-6D2E-4E7A-974F-E93C88CD6DC3}.Release|Any CPU.Build.0 = Release|Any CPU
		{00D5C715-2FB9-4A53-8FDA-B7FFD3A9F62C}.Debug|Any CPU.ActiveCfg = Debug|Any CPU
		{00D5C715-2FB9-4A53-8FDA-B7FFD3A9F62C}.Debug|Any CPU.Build.0 = Debug|Any CPU
		{00D5C715-2FB9-4A53-8FDA-B7FFD3A9F62C}.Release|Any CPU.ActiveCfg = Release|Any CPU
		{00D5C715-2FB9-4A53-8FDA-B7FFD3A9F62C}.Release|Any CPU.Build.0 = Release|Any CPU
		{C7D8D816-0D3A-4B94-884E-7ED180E232A5}.Debug|Any CPU.ActiveCfg = Debug|Any CPU
		{C7D8D816-0D3A-4B94-884E-7ED180E232A5}.Debug|Any CPU.Build.0 = Debug|Any CPU
		{C7D8D816-0D3A-4B94-884E-7ED180E232A5}.Release|Any CPU.ActiveCfg = Release|Any CPU
		{C7D8D816-0D3A-4B94-884E-7ED180E232A5}.Release|Any CPU.Build.0 = Release|Any CPU
		{C6116D63-CE49-40C8-BAB7-18D91483E273}.Debug|Any CPU.ActiveCfg = Debug|Any CPU
		{C6116D63-CE49-40C8-BAB7-18D91483E273}.Debug|Any CPU.Build.0 = Debug|Any CPU
		{C6116D63-CE49-40C8-BAB7-18D91483E273}.Release|Any CPU.ActiveCfg = Release|Any CPU
		{C6116D63-CE49-40C8-BAB7-18D91483E273}.Release|Any CPU.Build.0 = Release|Any CPU
	EndGlobalSection
	GlobalSection(NestedProjects) = preSolution
	EndGlobalSection
EndGlobal
